
Microsoft Visual Studio Solution File, Format Version 12.00
# Visual Studio Version 17
VisualStudioVersion = 17.0.31903.59
MinimumVisualStudioVersion = 10.0.40219.1
Project("{2150E333-8FDC-42A3-9474-1A3956D46DE8}") = "ProductService", "ProductService", "{74B0D46A-C2A4-54DC-F940-E5841734F66C}"
EndProject
Project("{2150E333-8FDC-42A3-9474-1A3956D46DE8}") = "API", "API", "{07B2815B-389A-F764-A58A-BDB654FBAEFA}"
EndProject
Project("{FAE04EC0-301F-11D3-BF4B-00C04F79EFBC}") = "ProductService.API", "ProductService\API\ProductService.API.csproj", "{CC113503-EB19-45D7-8FDA-3742024F8DBC}"
EndProject
Project("{2150E333-8FDC-42A3-9474-1A3956D46DE8}") = "Application", "Application", "{CB8F31CB-E670-48ED-47D8-086A37BE55E1}"
EndProject
Project("{FAE04EC0-301F-11D3-BF4B-00C04F79EFBC}") = "ProductService.Application", "ProductService\Application\ProductService.Application.csproj", "{9B64F816-5332-466A-8F31-2DAE77D67BDE}"
EndProject
Project("{2150E333-8FDC-42A3-9474-1A3956D46DE8}") = "Domain", "Domain", "{C306AE68-263D-DA9A-75A2-B94AC8F50CB0}"
EndProject
Project("{FAE04EC0-301F-11D3-BF4B-00C04F79EFBC}") = "ProductService.Domain", "ProductService\Domain\ProductService.Domain.csproj", "{E15896E3-D3A9-4AF3-8C72-5EE9D7740EC2}"
EndProject
Project("{2150E333-8FDC-42A3-9474-1A3956D46DE8}") = "Infrastructure", "Infrastructure", "{2A730516-16D6-2BD2-31FF-AB367D025F01}"
EndProject
Project("{FAE04EC0-301F-11D3-BF4B-00C04F79EFBC}") = "ProductService.Infrastructure", "ProductService\Infrastructure\ProductService.Infrastructure.csproj", "{0D4BCF2E-1CF0-420A-831C-541A5731A4A7}"
EndProject
Project("{2150E333-8FDC-42A3-9474-1A3956D46DE8}") = "IdentityService", "IdentityService", "{C92C2A6C-C7DF-3B17-8CE7-85FC08468CCF}"
EndProject
Project("{2150E333-8FDC-42A3-9474-1A3956D46DE8}") = "API", "API", "{11309765-401F-55F3-9D82-E24A5021BE03}"
EndProject
Project("{FAE04EC0-301F-11D3-BF4B-00C04F79EFBC}") = "IdentityService.API", "IdentityService\API\IdentityService.API.csproj", "{3DA82FC0-8A02-4376-BCAF-266FC0B4146A}"
EndProject
Project("{2150E333-8FDC-42A3-9474-1A3956D46DE8}") = "Application", "Application", "{E104F271-9468-E08F-C746-8F1F50DF5FE9}"
EndProject
Project("{FAE04EC0-301F-11D3-BF4B-00C04F79EFBC}") = "IdentityService.Application", "IdentityService\Application\IdentityService.Application.csproj", "{FD025F6F-E82C-4DE0-8484-15C03B20BFD5}"
EndProject
Project("{2150E333-8FDC-42A3-9474-1A3956D46DE8}") = "Infrastructure", "Infrastructure", "{B55D2D03-24F5-8A4D-501E-391AB63F57C7}"
EndProject
Project("{FAE04EC0-301F-11D3-BF4B-00C04F79EFBC}") = "IdentityService.Infrastructure", "IdentityService\Infrastructure\IdentityService.Infrastructure.csproj", "{79FD467F-5D7D-451A-AD13-2689535E34E4}"
EndProject
Project("{2150E333-8FDC-42A3-9474-1A3956D46DE8}") = "Domain", "Domain", "{682FD4D2-DBF5-E22E-9695-A06016DC9525}"
EndProject
Project("{FAE04EC0-301F-11D3-BF4B-00C04F79EFBC}") = "IdentityService.Domain", "IdentityService\Domain\IdentityService.Domain.csproj", "{BF5E05A0-A965-4B1A-9DE8-B3A1B3748917}"
EndProject
Project("{2150E333-8FDC-42A3-9474-1A3956D46DE8}") = "OrderService", "OrderService", "{1CDB8257-D98E-AF38-204D-5645D4EEB404}"
EndProject
Project("{2150E333-8FDC-42A3-9474-1A3956D46DE8}") = "API", "API", "{387DD08C-D845-FF6C-E3E8-E724639E3534}"
EndProject
Project("{FAE04EC0-301F-11D3-BF4B-00C04F79EFBC}") = "OrderService.API", "OrderService\API\OrderService.API.csproj", "{1977AF78-FC45-42FD-BC71-17F175B813F2}"
EndProject
Project("{2150E333-8FDC-42A3-9474-1A3956D46DE8}") = "Application", "Application", "{033B2313-8B84-CDE7-CA7A-C1CABA4DB7EC}"
EndProject
Project("{FAE04EC0-301F-11D3-BF4B-00C04F79EFBC}") = "OrderService.Application", "OrderService\Application\OrderService.Application.csproj", "{61BDB341-64CE-421B-AE56-2771C36FD074}"
EndProject
Project("{2150E333-8FDC-42A3-9474-1A3956D46DE8}") = "Domain", "Domain", "{7D070139-CF15-09EB-1852-9C1DA3CA9AA9}"
EndProject
Project("{FAE04EC0-301F-11D3-BF4B-00C04F79EFBC}") = "OrderService.Domain", "OrderService\Domain\OrderService.Domain.csproj", "{B7166320-D158-473C-ACA4-F4E64C557581}"
EndProject
Project("{2150E333-8FDC-42A3-9474-1A3956D46DE8}") = "Infrastructure", "Infrastructure", "{9D545741-9A20-2B69-6A87-0A01BDA284A7}"
EndProject
Project("{FAE04EC0-301F-11D3-BF4B-00C04F79EFBC}") = "OrderService.Infrastructure", "OrderService\Infrastructure\OrderService.Infrastructure.csproj", "{DBF34BF4-B766-4B3C-9EA9-34B526DCE1A4}"
EndProject
Project("{FAE04EC0-301F-11D3-BF4B-00C04F79EFBC}") = "ApiGateway", "ApiGateway\ApiGateway.csproj", "{D8B686F8-54D0-4EF0-AC54-1D009A5AFA16}"
EndProject
Global
	GlobalSection(SolutionConfigurationPlatforms) = preSolution
		Debug|Any CPU = Debug|Any CPU
		Debug|x64 = Debug|x64
		Debug|x86 = Debug|x86
		Release|Any CPU = Release|Any CPU
		Release|x64 = Release|x64
		Release|x86 = Release|x86
	EndGlobalSection
	GlobalSection(ProjectConfigurationPlatforms) = postSolution
		{CC113503-EB19-45D7-8FDA-3742024F8DBC}.Debug|Any CPU.ActiveCfg = Debug|Any CPU
		{CC113503-EB19-45D7-8FDA-3742024F8DBC}.Debug|Any CPU.Build.0 = Debug|Any CPU
		{CC113503-EB19-45D7-8FDA-3742024F8DBC}.Debug|x64.ActiveCfg = Debug|Any CPU
		{CC113503-EB19-45D7-8FDA-3742024F8DBC}.Debug|x64.Build.0 = Debug|Any CPU
		{CC113503-EB19-45D7-8FDA-3742024F8DBC}.Debug|x86.ActiveCfg = Debug|Any CPU
		{CC113503-EB19-45D7-8FDA-3742024F8DBC}.Debug|x86.Build.0 = Debug|Any CPU
		{CC113503-EB19-45D7-8FDA-3742024F8DBC}.Release|Any CPU.ActiveCfg = Release|Any CPU
		{CC113503-EB19-45D7-8FDA-3742024F8DBC}.Release|Any CPU.Build.0 = Release|Any CPU
		{CC113503-EB19-45D7-8FDA-3742024F8DBC}.Release|x64.ActiveCfg = Release|Any CPU
		{CC113503-EB19-45D7-8FDA-3742024F8DBC}.Release|x64.Build.0 = Release|Any CPU
		{CC113503-EB19-45D7-8FDA-3742024F8DBC}.Release|x86.ActiveCfg = Release|Any CPU
		{CC113503-EB19-45D7-8FDA-3742024F8DBC}.Release|x86.Build.0 = Release|Any CPU
		{9B64F816-5332-466A-8F31-2DAE77D67BDE}.Debug|Any CPU.ActiveCfg = Debug|Any CPU
		{9B64F816-5332-466A-8F31-2DAE77D67BDE}.Debug|Any CPU.Build.0 = Debug|Any CPU
		{9B64F816-5332-466A-8F31-2DAE77D67BDE}.Debug|x64.ActiveCfg = Debug|Any CPU
		{9B64F816-5332-466A-8F31-2DAE77D67BDE}.Debug|x64.Build.0 = Debug|Any CPU
		{9B64F816-5332-466A-8F31-2DAE77D67BDE}.Debug|x86.ActiveCfg = Debug|Any CPU
		{9B64F816-5332-466A-8F31-2DAE77D67BDE}.Debug|x86.Build.0 = Debug|Any CPU
		{9B64F816-5332-466A-8F31-2DAE77D67BDE}.Release|Any CPU.ActiveCfg = Release|Any CPU
		{9B64F816-5332-466A-8F31-2DAE77D67BDE}.Release|Any CPU.Build.0 = Release|Any CPU
		{9B64F816-5332-466A-8F31-2DAE77D67BDE}.Release|x64.ActiveCfg = Release|Any CPU
		{9B64F816-5332-466A-8F31-2DAE77D67BDE}.Release|x64.Build.0 = Release|Any CPU
		{9B64F816-5332-466A-8F31-2DAE77D67BDE}.Release|x86.ActiveCfg = Release|Any CPU
		{9B64F816-5332-466A-8F31-2DAE77D67BDE}.Release|x86.Build.0 = Release|Any CPU
		{E15896E3-D3A9-4AF3-8C72-5EE9D7740EC2}.Debug|Any CPU.ActiveCfg = Debug|Any CPU
		{E15896E3-D3A9-4AF3-8C72-5EE9D7740EC2}.Debug|Any CPU.Build.0 = Debug|Any CPU
		{E15896E3-D3A9-4AF3-8C72-5EE9D7740EC2}.Debug|x64.ActiveCfg = Debug|Any CPU
		{E15896E3-D3A9-4AF3-8C72-5EE9D7740EC2}.Debug|x64.Build.0 = Debug|Any CPU
		{E15896E3-D3A9-4AF3-8C72-5EE9D7740EC2}.Debug|x86.ActiveCfg = Debug|Any CPU
		{E15896E3-D3A9-4AF3-8C72-5EE9D7740EC2}.Debug|x86.Build.0 = Debug|Any CPU
		{E15896E3-D3A9-4AF3-8C72-5EE9D7740EC2}.Release|Any CPU.ActiveCfg = Release|Any CPU
		{E15896E3-D3A9-4AF3-8C72-5EE9D7740EC2}.Release|Any CPU.Build.0 = Release|Any CPU
		{E15896E3-D3A9-4AF3-8C72-5EE9D7740EC2}.Release|x64.ActiveCfg = Release|Any CPU
		{E15896E3-D3A9-4AF3-8C72-5EE9D7740EC2}.Release|x64.Build.0 = Release|Any CPU
		{E15896E3-D3A9-4AF3-8C72-5EE9D7740EC2}.Release|x86.ActiveCfg = Release|Any CPU
		{E15896E3-D3A9-4AF3-8C72-5EE9D7740EC2}.Release|x86.Build.0 = Release|Any CPU
		{0D4BCF2E-1CF0-420A-831C-541A5731A4A7}.Debug|Any CPU.ActiveCfg = Debug|Any CPU
		{0D4BCF2E-1CF0-420A-831C-541A5731A4A7}.Debug|Any CPU.Build.0 = Debug|Any CPU
		{0D4BCF2E-1CF0-420A-831C-541A5731A4A7}.Debug|x64.ActiveCfg = Debug|Any CPU
		{0D4BCF2E-1CF0-420A-831C-541A5731A4A7}.Debug|x64.Build.0 = Debug|Any CPU
		{0D4BCF2E-1CF0-420A-831C-541A5731A4A7}.Debug|x86.ActiveCfg = Debug|Any CPU
		{0D4BCF2E-1CF0-420A-831C-541A5731A4A7}.Debug|x86.Build.0 = Debug|Any CPU
		{0D4BCF2E-1CF0-420A-831C-541A5731A4A7}.Release|Any CPU.ActiveCfg = Release|Any CPU
		{0D4BCF2E-1CF0-420A-831C-541A5731A4A7}.Release|Any CPU.Build.0 = Release|Any CPU
		{0D4BCF2E-1CF0-420A-831C-541A5731A4A7}.Release|x64.ActiveCfg = Release|Any CPU
		{0D4BCF2E-1CF0-420A-831C-541A5731A4A7}.Release|x64.Build.0 = Release|Any CPU
		{0D4BCF2E-1CF0-420A-831C-541A5731A4A7}.Release|x86.ActiveCfg = Release|Any CPU
		{0D4BCF2E-1CF0-420A-831C-541A5731A4A7}.Release|x86.Build.0 = Release|Any CPU
		{3DA82FC0-8A02-4376-BCAF-266FC0B4146A}.Debug|Any CPU.ActiveCfg = Debug|Any CPU
		{3DA82FC0-8A02-4376-BCAF-266FC0B4146A}.Debug|Any CPU.Build.0 = Debug|Any CPU
		{3DA82FC0-8A02-4376-BCAF-266FC0B4146A}.Debug|x64.ActiveCfg = Debug|Any CPU
		{3DA82FC0-8A02-4376-BCAF-266FC0B4146A}.Debug|x64.Build.0 = Debug|Any CPU
		{3DA82FC0-8A02-4376-BCAF-266FC0B4146A}.Debug|x86.ActiveCfg = Debug|Any CPU
		{3DA82FC0-8A02-4376-BCAF-266FC0B4146A}.Debug|x86.Build.0 = Debug|Any CPU
		{3DA82FC0-8A02-4376-BCAF-266FC0B4146A}.Release|Any CPU.ActiveCfg = Release|Any CPU
		{3DA82FC0-8A02-4376-BCAF-266FC0B4146A}.Release|Any CPU.Build.0 = Release|Any CPU
		{3DA82FC0-8A02-4376-BCAF-266FC0B4146A}.Release|x64.ActiveCfg = Release|Any CPU
		{3DA82FC0-8A02-4376-BCAF-266FC0B4146A}.Release|x64.Build.0 = Release|Any CPU
		{3DA82FC0-8A02-4376-BCAF-266FC0B4146A}.Release|x86.ActiveCfg = Release|Any CPU
		{3DA82FC0-8A02-4376-BCAF-266FC0B4146A}.Release|x86.Build.0 = Release|Any CPU
		{FD025F6F-E82C-4DE0-8484-15C03B20BFD5}.Debug|Any CPU.ActiveCfg = Debug|Any CPU
		{FD025F6F-E82C-4DE0-8484-15C03B20BFD5}.Debug|Any CPU.Build.0 = Debug|Any CPU
		{FD025F6F-E82C-4DE0-8484-15C03B20BFD5}.Debug|x64.ActiveCfg = Debug|Any CPU
		{FD025F6F-E82C-4DE0-8484-15C03B20BFD5}.Debug|x64.Build.0 = Debug|Any CPU
		{FD025F6F-E82C-4DE0-8484-15C03B20BFD5}.Debug|x86.ActiveCfg = Debug|Any CPU
		{FD025F6F-E82C-4DE0-8484-15C03B20BFD5}.Debug|x86.Build.0 = Debug|Any CPU
		{FD025F6F-E82C-4DE0-8484-15C03B20BFD5}.Release|Any CPU.ActiveCfg = Release|Any CPU
		{FD025F6F-E82C-4DE0-8484-15C03B20BFD5}.Release|Any CPU.Build.0 = Release|Any CPU
		{FD025F6F-E82C-4DE0-8484-15C03B20BFD5}.Release|x64.ActiveCfg = Release|Any CPU
		{FD025F6F-E82C-4DE0-8484-15C03B20BFD5}.Release|x64.Build.0 = Release|Any CPU
		{FD025F6F-E82C-4DE0-8484-15C03B20BFD5}.Release|x86.ActiveCfg = Release|Any CPU
		{FD025F6F-E82C-4DE0-8484-15C03B20BFD5}.Release|x86.Build.0 = Release|Any CPU
		{79FD467F-5D7D-451A-AD13-2689535E34E4}.Debug|Any CPU.ActiveCfg = Debug|Any CPU
		{79FD467F-5D7D-451A-AD13-2689535E34E4}.Debug|Any CPU.Build.0 = Debug|Any CPU
		{79FD467F-5D7D-451A-AD13-2689535E34E4}.Debug|x64.ActiveCfg = Debug|Any CPU
		{79FD467F-5D7D-451A-AD13-2689535E34E4}.Debug|x64.Build.0 = Debug|Any CPU
		{79FD467F-5D7D-451A-AD13-2689535E34E4}.Debug|x86.ActiveCfg = Debug|Any CPU
		{79FD467F-5D7D-451A-AD13-2689535E34E4}.Debug|x86.Build.0 = Debug|Any CPU
		{79FD467F-5D7D-451A-AD13-2689535E34E4}.Release|Any CPU.ActiveCfg = Release|Any CPU
		{79FD467F-5D7D-451A-AD13-2689535E34E4}.Release|Any CPU.Build.0 = Release|Any CPU
		{79FD467F-5D7D-451A-AD13-2689535E34E4}.Release|x64.ActiveCfg = Release|Any CPU
		{79FD467F-5D7D-451A-AD13-2689535E34E4}.Release|x64.Build.0 = Release|Any CPU
		{79FD467F-5D7D-451A-AD13-2689535E34E4}.Release|x86.ActiveCfg = Release|Any CPU
		{79FD467F-5D7D-451A-AD13-2689535E34E4}.Release|x86.Build.0 = Release|Any CPU
		{BF5E05A0-A965-4B1A-9DE8-B3A1B3748917}.Debug|Any CPU.ActiveCfg = Debug|Any CPU
		{BF5E05A0-A965-4B1A-9DE8-B3A1B3748917}.Debug|Any CPU.Build.0 = Debug|Any CPU
		{BF5E05A0-A965-4B1A-9DE8-B3A1B3748917}.Debug|x64.ActiveCfg = Debug|Any CPU
		{BF5E05A0-A965-4B1A-9DE8-B3A1B3748917}.Debug|x64.Build.0 = Debug|Any CPU
		{BF5E05A0-A965-4B1A-9DE8-B3A1B3748917}.Debug|x86.ActiveCfg = Debug|Any CPU
		{BF5E05A0-A965-4B1A-9DE8-B3A1B3748917}.Debug|x86.Build.0 = Debug|Any CPU
		{BF5E05A0-A965-4B1A-9DE8-B3A1B3748917}.Release|Any CPU.ActiveCfg = Release|Any CPU
		{BF5E05A0-A965-4B1A-9DE8-B3A1B3748917}.Release|Any CPU.Build.0 = Release|Any CPU
		{BF5E05A0-A965-4B1A-9DE8-B3A1B3748917}.Release|x64.ActiveCfg = Release|Any CPU
		{BF5E05A0-A965-4B1A-9DE8-B3A1B3748917}.Release|x64.Build.0 = Release|Any CPU
		{BF5E05A0-A965-4B1A-9DE8-B3A1B3748917}.Release|x86.ActiveCfg = Release|Any CPU
		{BF5E05A0-A965-4B1A-9DE8-B3A1B3748917}.Release|x86.Build.0 = Release|Any CPU
		{1977AF78-FC45-42FD-BC71-17F175B813F2}.Debug|Any CPU.ActiveCfg = Debug|Any CPU
		{1977AF78-FC45-42FD-BC71-17F175B813F2}.Debug|Any CPU.Build.0 = Debug|Any CPU
		{1977AF78-FC45-42FD-BC71-17F175B813F2}.Debug|x64.ActiveCfg = Debug|Any CPU
		{1977AF78-FC45-42FD-BC71-17F175B813F2}.Debug|x64.Build.0 = Debug|Any CPU
		{1977AF78-FC45-42FD-BC71-17F175B813F2}.Debug|x86.ActiveCfg = Debug|Any CPU
		{1977AF78-FC45-42FD-BC71-17F175B813F2}.Debug|x86.Build.0 = Debug|Any CPU
		{1977AF78-FC45-42FD-BC71-17F175B813F2}.Release|Any CPU.ActiveCfg = Release|Any CPU
		{1977AF78-FC45-42FD-BC71-17F175B813F2}.Release|Any CPU.Build.0 = Release|Any CPU
		{1977AF78-FC45-42FD-BC71-17F175B813F2}.Release|x64.ActiveCfg = Release|Any CPU
		{1977AF78-FC45-42FD-BC71-17F175B813F2}.Release|x64.Build.0 = Release|Any CPU
		{1977AF78-FC45-42FD-BC71-17F175B813F2}.Release|x86.ActiveCfg = Release|Any CPU
		{1977AF78-FC45-42FD-BC71-17F175B813F2}.Release|x86.Build.0 = Release|Any CPU
		{61BDB341-64CE-421B-AE56-2771C36FD074}.Debug|Any CPU.ActiveCfg = Debug|Any CPU
		{61BDB341-64CE-421B-AE56-2771C36FD074}.Debug|Any CPU.Build.0 = Debug|Any CPU
		{61BDB341-64CE-421B-AE56-2771C36FD074}.Debug|x64.ActiveCfg = Debug|Any CPU
		{61BDB341-64CE-421B-AE56-2771C36FD074}.Debug|x64.Build.0 = Debug|Any CPU
		{61BDB341-64CE-421B-AE56-2771C36FD074}.Debug|x86.ActiveCfg = Debug|Any CPU
		{61BDB341-64CE-421B-AE56-2771C36FD074}.Debug|x86.Build.0 = Debug|Any CPU
		{61BDB341-64CE-421B-AE56-2771C36FD074}.Release|Any CPU.ActiveCfg = Release|Any CPU
		{61BDB341-64CE-421B-AE56-2771C36FD074}.Release|Any CPU.Build.0 = Release|Any CPU
		{61BDB341-64CE-421B-AE56-2771C36FD074}.Release|x64.ActiveCfg = Release|Any CPU
		{61BDB341-64CE-421B-AE56-2771C36FD074}.Release|x64.Build.0 = Release|Any CPU
		{61BDB341-64CE-421B-AE56-2771C36FD074}.Release|x86.ActiveCfg = Release|Any CPU
		{61BDB341-64CE-421B-AE56-2771C36FD074}.Release|x86.Build.0 = Release|Any CPU
		{B7166320-D158-473C-ACA4-F4E64C557581}.Debug|Any CPU.ActiveCfg = Debug|Any CPU
		{B7166320-D158-473C-ACA4-F4E64C557581}.Debug|Any CPU.Build.0 = Debug|Any CPU
		{B7166320-D158-473C-ACA4-F4E64C557581}.Debug|x64.ActiveCfg = Debug|Any CPU
		{B7166320-D158-473C-ACA4-F4E64C557581}.Debug|x64.Build.0 = Debug|Any CPU
		{B7166320-D158-473C-ACA4-F4E64C557581}.Debug|x86.ActiveCfg = Debug|Any CPU
		{B7166320-D158-473C-ACA4-F4E64C557581}.Debug|x86.Build.0 = Debug|Any CPU
		{B7166320-D158-473C-ACA4-F4E64C557581}.Release|Any CPU.ActiveCfg = Release|Any CPU
		{B7166320-D158-473C-ACA4-F4E64C557581}.Release|Any CPU.Build.0 = Release|Any CPU
		{B7166320-D158-473C-ACA4-F4E64C557581}.Release|x64.ActiveCfg = Release|Any CPU
		{B7166320-D158-473C-ACA4-F4E64C557581}.Release|x64.Build.0 = Release|Any CPU
		{B7166320-D158-473C-ACA4-F4E64C557581}.Release|x86.ActiveCfg = Release|Any CPU
		{B7166320-D158-473C-ACA4-F4E64C557581}.Release|x86.Build.0 = Release|Any CPU
		{DBF34BF4-B766-4B3C-9EA9-34B526DCE1A4}.Debug|Any CPU.ActiveCfg = Debug|Any CPU
		{DBF34BF4-B766-4B3C-9EA9-34B526DCE1A4}.Debug|Any CPU.Build.0 = Debug|Any CPU
		{DBF34BF4-B766-4B3C-9EA9-34B526DCE1A4}.Debug|x64.ActiveCfg = Debug|Any CPU
		{DBF34BF4-B766-4B3C-9EA9-34B526DCE1A4}.Debug|x64.Build.0 = Debug|Any CPU
		{DBF34BF4-B766-4B3C-9EA9-34B526DCE1A4}.Debug|x86.ActiveCfg = Debug|Any CPU
		{DBF34BF4-B766-4B3C-9EA9-34B526DCE1A4}.Debug|x86.Build.0 = Debug|Any CPU
		{DBF34BF4-B766-4B3C-9EA9-34B526DCE1A4}.Release|Any CPU.ActiveCfg = Release|Any CPU
		{DBF34BF4-B766-4B3C-9EA9-34B526DCE1A4}.Release|Any CPU.Build.0 = Release|Any CPU
		{DBF34BF4-B766-4B3C-9EA9-34B526DCE1A4}.Release|x64.ActiveCfg = Release|Any CPU
		{DBF34BF4-B766-4B3C-9EA9-34B526DCE1A4}.Release|x64.Build.0 = Release|Any CPU
		{DBF34BF4-B766-4B3C-9EA9-34B526DCE1A4}.Release|x86.ActiveCfg = Release|Any CPU
		{DBF34BF4-B766-4B3C-9EA9-34B526DCE1A4}.Release|x86.Build.0 = Release|Any CPU
		{D8B686F8-54D0-4EF0-AC54-1D009A5AFA16}.Debug|Any CPU.ActiveCfg = Debug|Any CPU
		{D8B686F8-54D0-4EF0-AC54-1D009A5AFA16}.Debug|Any CPU.Build.0 = Debug|Any CPU
		{D8B686F8-54D0-4EF0-AC54-1D009A5AFA16}.Debug|x64.ActiveCfg = Debug|Any CPU
		{D8B686F8-54D0-4EF0-AC54-1D009A5AFA16}.Debug|x64.Build.0 = Debug|Any CPU
		{D8B686F8-54D0-4EF0-AC54-1D009A5AFA16}.Debug|x86.ActiveCfg = Debug|Any CPU
		{D8B686F8-54D0-4EF0-AC54-1D009A5AFA16}.Debug|x86.Build.0 = Debug|Any CPU
		{D8B686F8-54D0-4EF0-AC54-1D009A5AFA16}.Release|Any CPU.ActiveCfg = Release|Any CPU
		{D8B686F8-54D0-4EF0-AC54-1D009A5AFA16}.Release|Any CPU.Build.0 = Release|Any CPU
		{D8B686F8-54D0-4EF0-AC54-1D009A5AFA16}.Release|x64.ActiveCfg = Release|Any CPU
		{D8B686F8-54D0-4EF0-AC54-1D009A5AFA16}.Release|x64.Build.0 = Release|Any CPU
		{D8B686F8-54D0-4EF0-AC54-1D009A5AFA16}.Release|x86.ActiveCfg = Release|Any CPU
		{D8B686F8-54D0-4EF0-AC54-1D009A5AFA16}.Release|x86.Build.0 = Release|Any CPU
	EndGlobalSection
	GlobalSection(SolutionProperties) = preSolution
		HideSolutionNode = FALSE
	EndGlobalSection
	GlobalSection(NestedProjects) = preSolution
		{07B2815B-389A-F764-A58A-BDB654FBAEFA} = {74B0D46A-C2A4-54DC-F940-E5841734F66C}
		{CC113503-EB19-45D7-8FDA-3742024F8DBC} = {07B2815B-389A-F764-A58A-BDB654FBAEFA}
		{CB8F31CB-E670-48ED-47D8-086A37BE55E1} = {74B0D46A-C2A4-54DC-F940-E5841734F66C}
		{9B64F816-5332-466A-8F31-2DAE77D67BDE} = {CB8F31CB-E670-48ED-47D8-086A37BE55E1}
		{C306AE68-263D-DA9A-75A2-B94AC8F50CB0} = {74B0D46A-C2A4-54DC-F940-E5841734F66C}
		{E15896E3-D3A9-4AF3-8C72-5EE9D7740EC2} = {C306AE68-263D-DA9A-75A2-B94AC8F50CB0}
		{2A730516-16D6-2BD2-31FF-AB367D025F01} = {74B0D46A-C2A4-54DC-F940-E5841734F66C}
		{0D4BCF2E-1CF0-420A-831C-541A5731A4A7} = {2A730516-16D6-2BD2-31FF-AB367D025F01}
		{11309765-401F-55F3-9D82-E24A5021BE03} = {C92C2A6C-C7DF-3B17-8CE7-85FC08468CCF}
		{3DA82FC0-8A02-4376-BCAF-266FC0B4146A} = {11309765-401F-55F3-9D82-E24A5021BE03}
		{E104F271-9468-E08F-C746-8F1F50DF5FE9} = {C92C2A6C-C7DF-3B17-8CE7-85FC08468CCF}
		{FD025F6F-E82C-4DE0-8484-15C03B20BFD5} = {E104F271-9468-E08F-C746-8F1F50DF5FE9}
		{B55D2D03-24F5-8A4D-501E-391AB63F57C7} = {C92C2A6C-C7DF-3B17-8CE7-85FC08468CCF}
		{79FD467F-5D7D-451A-AD13-2689535E34E4} = {B55D2D03-24F5-8A4D-501E-391AB63F57C7}
		{682FD4D2-DBF5-E22E-9695-A06016DC9525} = {C92C2A6C-C7DF-3B17-8CE7-85FC08468CCF}
		{BF5E05A0-A965-4B1A-9DE8-B3A1B3748917} = {682FD4D2-DBF5-E22E-9695-A06016DC9525}
		{387DD08C-D845-FF6C-E3E8-E724639E3534} = {1CDB8257-D98E-AF38-204D-5645D4EEB404}
		{1977AF78-FC45-42FD-BC71-17F175B813F2} = {387DD08C-D845-FF6C-E3E8-E724639E3534}
		{033B2313-8B84-CDE7-CA7A-C1CABA4DB7EC} = {1CDB8257-D98E-AF38-204D-5645D4EEB404}
		{61BDB341-64CE-421B-AE56-2771C36FD074} = {033B2313-8B84-CDE7-CA7A-C1CABA4DB7EC}
		{7D070139-CF15-09EB-1852-9C1DA3CA9AA9} = {1CDB8257-D98E-AF38-204D-5645D4EEB404}
		{B7166320-D158-473C-ACA4-F4E64C557581} = {7D070139-CF15-09EB-1852-9C1DA3CA9AA9}
		{9D545741-9A20-2B69-6A87-0A01BDA284A7} = {1CDB8257-D98E-AF38-204D-5645D4EEB404}
		{DBF34BF4-B766-4B3C-9EA9-34B526DCE1A4} = {9D545741-9A20-2B69-6A87-0A01BDA284A7}
	EndGlobalSection
EndGlobal
